<?xml version="1.0" encoding="utf-8"?>
<Project ToolsVersion="15.0" xmlns="http://schemas.microsoft.com/developer/msbuild/2003">
  <ItemGroup>
    <ClCompile Include="E:\GAMES\lizardgraphics\LizardGraphics\pch.cpp">
      <Filter>Source Files</Filter>
    </ClCompile>
    <ClCompile Include="E:\GAMES\lizardgraphics\LizardGraphics\LizardGraphics.cpp">
      <Filter>Source Files</Filter>
    </ClCompile>
    <ClCompile Include="E:\GAMES\lizardgraphics\LizardGraphics\textures.cpp">
      <Filter>Source Files</Filter>
    </ClCompile>
  </ItemGroup>
  <ItemGroup>
    <ClInclude Include="E:\GAMES\lizardgraphics\LizardGraphics\pch.h">
      <Filter>Header Files</Filter>
    </ClInclude>
    <ClInclude Include="E:\GAMES\lizardgraphics\LizardGraphics\LizardGraphics.h">
      <Filter>Header Files</Filter>
    </ClInclude>
    <ClInclude Include="E:\GAMES\lizardgraphics\LizardGraphics\textures.h">
      <Filter>Header Files</Filter>
    </ClInclude>
    <ClInclude Include="E:\GAMES\lizardgraphics\LizardGraphics\Lshaders.h">
      <Filter>Header Files</Filter>
    </ClInclude>
    <ClInclude Include="E:\GAMES\lizardgraphics\LizardGraphics\vectors.h">
      <Filter>Header Files</Filter>
    </ClInclude>
  </ItemGroup>
  <ItemGroup>
    <CustomBuild Include="E:\GAMES\lizardgraphics\LizardGraphics\CMakeLists.txt" />
  </ItemGroup>
  <ItemGroup>
    <Filter Include="Header Files">
      <UniqueIdentifier>{33A96655-B953-33BE-ABF1-48D533828C72}</UniqueIdentifier>
    </Filter>
    <Filter Include="Source Files">
      <UniqueIdentifier>{60B3035B-38D0-3628-BD9F-58A33610743F}</UniqueIdentifier>
    </Filter>
  </ItemGroup>
</Project>
